
Microsoft Visual Studio Solution File, Format Version 12.00
# Visual Studio Version 17
VisualStudioVersion = 17.4.33403.182
MinimumVisualStudioVersion = 10.0.40219.1
Project("{FAE04EC0-301F-11D3-BF4B-00C04F79EFBC}") = "L01_2020AU601", "L01_2020AU601\L01_2020AU601.csproj", "{83C2F540-4A3C-47FE-8D85-EBB3D3B61AE9}"
EndProject
Global
	GlobalSection(SolutionConfigurationPlatforms) = preSolution
		Debug|Any CPU = Debug|Any CPU
		Release|Any CPU = Release|Any CPU
	EndGlobalSection
	GlobalSection(ProjectConfigurationPlatforms) = postSolution
		{83C2F540-4A3C-47FE-8D85-EBB3D3B61AE9}.Debug|Any CPU.ActiveCfg = Debug|Any CPU
		{83C2F540-4A3C-47FE-8D85-EBB3D3B61AE9}.Debug|Any CPU.Build.0 = Debug|Any CPU
		{83C2F540-4A3C-47FE-8D85-EBB3D3B61AE9}.Release|Any CPU.ActiveCfg = Release|Any CPU
		{83C2F540-4A3C-47FE-8D85-EBB3D3B61AE9}.Release|Any CPU.Build.0 = Release|Any CPU
	EndGlobalSection
	GlobalSection(SolutionProperties) = preSolution
		HideSolutionNode = FALSE
	EndGlobalSection
	GlobalSection(ExtensibilityGlobals) = postSolution
		SolutionGuid = {07769EFB-5F40-4DC5-A3D7-941B02DAA376}
	EndGlobalSection
EndGlobal
